# This file was autogenerated by uv via the following command:
#    uv pip compile component/sglang_deploy/requirements.in --python-version 3.12 --prerelease allow --output-file component/sglang_deploy/requirements.lock
addict==2.4.0
    # via sglang
aiohappyeyeballs==2.7.1
    # via aiohttp
aiohttp==3.14.3
    # via
    #   fsspec
    #   sglang
aiosignal==1.4.0
    # via aiohttp
airportsdata==20260902
    # via outlines
annotated-doc==0.0.5
    # via
    #   fastapi
    #   typer
annotated-types==0.8.0
    # via pydantic
anthropic==1.3.0
    # via sglang
anyio==4.15.0
    # via
    #   anthropic
    #   httpx
    #   httpx2
    #   openai
    #   starlette
    #   watchfiles
apache-tvm-ffi==0.1.11
    # via
    #   flash-attn-4
    #   flashinfer-python
    #   quack-kernels
    #   sgl-deep-gemm
    #   sglang
    #   tilelang
    #   tokenspeed-mla
    #   xgrammar
asttokens==3.0.2
    # via stack-data
attrs==26.1.0
    # via
    #   aiohttp
    #   jsonschema
    #   referencing
av==16.1.0
    # via sglang
blobfile==3.0.0
    # via sglang
build==1.6.0
    # via sglang
cache-dit==1.3.0
    # via sglang
certifi==2026.7.22
    # via
    #   httpcore
    #   httpx
    #   requests
cffi==2.1.1
    # via
    #   cryptography
    #   soundfile
charset-normalizer==3.5.1
    # via requests
click==8.5.0
    # via
    #   flashinfer-python
    #   granian
    #   huggingface-hub
    #   uvicorn
cloudpickle==3.1.2
    # via
    #   outlines
    #   sglang
    #   tilelang
compressed-tensors==0.18.1a20260903
    # via sglang
cryptography==50.0.1
    # via modelscope-hub
cuda-bindings==13.3.1
    # via
    #   cuda-python
    #   humming-kernels
    #   torch
cuda-core==1.0.1
    # via cuda-python
cuda-pathfinder==1.8.1
    # via
    #   cuda-bindings
    #   cuda-core
    #   cuda-python
cuda-python==13.3.1
    # via
    #   nvidia-cutlass-dsl-libs-base
    #   nvidia-cutlass-dsl-libs-core
    #   nvidia-cutlass-dsl-libs-cu12
    #   nvidia-cutlass-dsl-libs-cu13
    #   sglang
cuda-tile==1.6.0rc10
    # via flashinfer-python
cuda-toolkit==13.0.2
    # via torch
datasets==5.0.1
    # via sglang
decorator==5.3.1
    # via moviepy
diffusers==0.37.0
    # via
    #   cache-dit
    #   sglang
dill==0.4.1
    # via
    #   datasets
    #   multiprocess
diskcache==5.6.3
    # via outlines
distro==1.9.0
    # via
    #   openai
    #   sglang
docstring-parser==0.18.0
    # via anthropic
easydict==1.13
    # via sglang
einops==0.9.0.dev0
    # via
    #   flash-attn-4
    #   flashinfer-python
    #   quack-kernels
    #   sglang
executing==2.2.1
    # via stack-data
fastapi==0.141.1
    # via sglang
filecheck==1.0.6
    # via helion
filelock==3.32.5
    # via
    #   blobfile
    #   datasets
    #   diffusers
    #   huggingface-hub
    #   modelscope
    #   modelscope-hub
    #   torch
flash-attn-4==4.0.0b19
    # via sglang
flashinfer-python==0.6.14
    # via sglang
frozenlist==1.8.0
    # via
    #   aiohttp
    #   aiosignal
fsspec==2026.6.0
    # via
    #   datasets
    #   huggingface-hub
    #   torch
gguf==0.19.0
    # via sglang
googleapis-common-protos==1.75.3
    # via
    #   opentelemetry-exporter-otlp-proto-grpc
    #   opentelemetry-exporter-otlp-proto-http
granian==2.8.2
    # via sglang
grpcio==1.83.1
    # via
    #   grpcio-health-checking
    #   grpcio-reflection
    #   opentelemetry-exporter-otlp-proto-grpc
    #   smg-grpc-proto
    #   smg-grpc-servicer
grpcio-health-checking==1.82.0rc2
    # via smg-grpc-servicer
grpcio-reflection==1.82.0rc2
    # via smg-grpc-servicer
h11==0.16.0
    # via
    #   httpcore
    #   httpcore2
    #   uvicorn
helion==0.2.6
    # via sglang
hf-xet==1.6.1a0
    # via huggingface-hub
httpcore==1.0.9
    # via httpx
httpcore2==2.12.0
    # via httpx2
httpx==0.28.1
    # via
    #   datasets
    #   diffusers
    #   huggingface-hub
    #   openai
httpx2==2.12.0
    # via anthropic
huggingface-hub==1.30.0
    # via
    #   datasets
    #   diffusers
    #   kernels
    #   timm
    #   tokenizers
    #   transformers
humanize==4.16.0
    # via runai-model-streamer
humming-kernels==0.1.10
    # via sglang
idna==3.19
    # via
    #   anyio
    #   httpx
    #   httpx2
    #   requests
    #   yarl
imageio==2.36.0
    # via
    #   moviepy
    #   scikit-image
    #   sglang
imageio-ffmpeg==0.5.1
    # via
    #   moviepy
    #   sglang
importlib-metadata==9.0.1
    # via diffusers
interegular==0.3.3
    # via
    #   outlines
    #   outlines-core
    #   sglang
ipython==9.17.1
    # via sglang
ipython-pygments-lexers==1.1.1
    # via ipython
jedi==0.20.0
    # via ipython
jinja2==3.1.6
    # via
    #   humming-kernels
    #   outlines
    #   torch
jiter==0.16.0
    # via
    #   anthropic
    #   openai
jsonschema==4.26.0
    # via
    #   mistral-common
    #   outlines
    #   outlines-core
jsonschema-specifications==2025.9.1
    # via jsonschema
kernels==0.14.1
    # via sglang
kernels-data==0.16.1
    # via kernels
lark==1.3.1
    # via outlines
lazy-loader==0.5
    # via scikit-image
llguidance==1.8.0
    # via sglang
llvmlite==0.47.0
    # via numba
loguru==0.7.3
    # via compressed-tensors
lxml==7.0.0b1
    # via blobfile
markdown-it-py==4.2.0
    # via rich
markupsafe==3.0.3
    # via jinja2
matplotlib-inline==0.2.2
    # via ipython
mdurl==0.1.2
    # via markdown-it-py
mistral-common==1.11.7
    # via sglang
ml-dtypes==0.6.0
    # via tilelang
modelscope==1.39.1
    # via sglang
modelscope-hub==0.4.0
    # via modelscope
moviepy==2.2.1
    # via sglang
mpmath==1.3.0
    # via sympy
msgpack==1.2.2
    # via sglang
msgspec==0.21.1
    # via sglang
multidict==6.7.1
    # via
    #   aiohttp
    #   yarl
multiprocess==0.70.19
    # via datasets
nest-asyncio==1.6.0
    # via outlines
networkx==3.6.1
    # via
    #   scikit-image
    #   torch
ninja==1.13.2
    # via
    #   -r component/sglang_deploy/requirements.in
    #   flashinfer-python
    #   nvidia-modelopt
    #   sglang
numba==0.65.1
    # via sglang
numpy==2.3.5
    # via
    #   cuda-core
    #   datasets
    #   diffusers
    #   flashinfer-python
    #   gguf
    #   humming-kernels
    #   imageio
    #   mistral-common
    #   ml-dtypes
    #   moviepy
    #   numba
    #   nvidia-cutlass-dsl-libs-base
    #   nvidia-cutlass-dsl-libs-core
    #   nvidia-cutlass-dsl-libs-cu12
    #   nvidia-cutlass-dsl-libs-cu13
    #   nvidia-modelopt
    #   opencv-python-headless
    #   outlines
    #   pandas
    #   runai-model-streamer
    #   scikit-image
    #   scipy
    #   sglang
    #   soundfile
    #   tifffile
    #   tilelang
    #   torchvision
    #   transformers
    #   trimesh
    #   xgrammar
nvidia-cublas==13.1.0.3
    # via
    #   cuda-toolkit
    #   nvidia-cudnn-cu13
    #   nvidia-cusolver
nvidia-cuda-cccl==13.3.4.1.2rc1
    # via humming-kernels
nvidia-cuda-crt==13.4.46rc1
    # via nvidia-cuda-nvcc
nvidia-cuda-cupti==13.0.85
    # via cuda-toolkit
nvidia-cuda-nvcc==13.2.86
    # via humming-kernels
nvidia-cuda-nvdisasm==13.4.46rc1
    # via
    #   nvidia-cutlass-dsl-libs-base
    #   nvidia-cutlass-dsl-libs-core
    #   nvidia-cutlass-dsl-libs-cu12
    #   nvidia-cutlass-dsl-libs-cu13
nvidia-cuda-nvrtc==13.0.88
    # via
    #   cuda-toolkit
    #   humming-kernels
nvidia-cuda-runtime==13.0.96
    # via
    #   cuda-toolkit
    #   humming-kernels
    #   nvidia-cuda-nvcc
nvidia-cudnn-cu13==9.19.0.56
    # via torch
nvidia-cudnn-frontend==1.28.0
    # via flashinfer-python
nvidia-cufft==12.0.0.61
    # via cuda-toolkit
nvidia-cufile==1.15.1.6
    # via cuda-toolkit
nvidia-curand==10.4.0.35
    # via cuda-toolkit
nvidia-cusolver==12.0.4.66
    # via cuda-toolkit
nvidia-cusparse==12.6.3.3
    # via
    #   cuda-toolkit
    #   nvidia-cusolver
nvidia-cusparselt-cu13==0.8.0
    # via torch
nvidia-cutlass-dsl==4.6.0
    # via
    #   flash-attn-4
    #   flashinfer-python
    #   quack-kernels
    #   sglang
    #   tokenspeed-mla
nvidia-cutlass-dsl-libs-base==4.6.0
    # via
    #   nvidia-cutlass-dsl
    #   nvidia-cutlass-dsl-libs-cu12
    #   nvidia-cutlass-dsl-libs-cu13
nvidia-cutlass-dsl-libs-core==4.6.0
    # via nvidia-cutlass-dsl-libs-base
nvidia-cutlass-dsl-libs-cu12==4.6.0
    # via nvidia-cutlass-dsl
nvidia-cutlass-dsl-libs-cu13==4.6.0
    # via nvidia-cutlass-dsl
nvidia-mathdx==25.6.0
    # via sglang
nvidia-ml-py==13.610.43
    # via
    #   flashinfer-python
    #   humming-kernels
    #   nvidia-modelopt
    #   sglang
nvidia-modelopt==0.46.0
    # via sglang
nvidia-nccl-cu13==2.28.9
    # via torch
nvidia-nvjitlink==13.0.88
    # via
    #   cuda-toolkit
    #   nvidia-cufft
    #   nvidia-cusolver
    #   nvidia-cusparse
nvidia-nvshmem-cu13==3.4.5
    # via torch
nvidia-nvtx==13.0.85
    # via cuda-toolkit
nvidia-nvvm==13.2.86
    # via nvidia-cuda-nvcc
omegaconf==2.4.0.dev15
    # via nvidia-modelopt
openai==2.6.1
    # via sglang
openai-harmony==0.0.4
    # via sglang
opencv-python-headless==4.10.0.84
    # via sglang
opentelemetry-api==1.44.0
    # via
    #   opentelemetry-exporter-otlp-proto-grpc
    #   opentelemetry-exporter-otlp-proto-http
    #   opentelemetry-sdk
    #   opentelemetry-semantic-conventions
    #   sglang
opentelemetry-exporter-otlp==1.44.0
    # via sglang
opentelemetry-exporter-otlp-proto-common==1.44.0
    # via
    #   opentelemetry-exporter-otlp-proto-grpc
    #   opentelemetry-exporter-otlp-proto-http
opentelemetry-exporter-otlp-proto-grpc==1.44.0
    # via
    #   opentelemetry-exporter-otlp
    #   sglang
opentelemetry-exporter-otlp-proto-http==1.44.0
    # via opentelemetry-exporter-otlp
opentelemetry-proto==1.44.0
    # via
    #   opentelemetry-exporter-otlp-proto-common
    #   opentelemetry-exporter-otlp-proto-grpc
    #   opentelemetry-exporter-otlp-proto-http
opentelemetry-sdk==1.44.0
    # via
    #   opentelemetry-exporter-otlp-proto-grpc
    #   opentelemetry-exporter-otlp-proto-http
    #   sglang
opentelemetry-semantic-conventions==0.65b0
    # via opentelemetry-sdk
orjson==3.12.0
    # via sglang
outlines==0.1.11
    # via sglang
outlines-core==0.1.26
    # via outlines
packaging==26.3
    # via
    #   build
    #   datasets
    #   flashinfer-python
    #   huggingface-hub
    #   kernels
    #   lazy-loader
    #   modelscope
    #   nvidia-modelopt
    #   scikit-image
    #   sglang
    #   transformers
pandas==3.0.5
    # via datasets
parso==0.8.7
    # via jedi
partial-json-parser==0.2.1.1.post7
    # via sglang
pexpect==4.9.0
    # via ipython
pillow==11.3.0
    # via
    #   diffusers
    #   imageio
    #   mistral-common
    #   moviepy
    #   scikit-image
    #   sglang
    #   torchvision
proglog==0.1.12
    # via moviepy
prometheus-client==0.26.0
    # via sglang
prompt-toolkit==3.0.53
    # via ipython
propcache==0.5.2
    # via
    #   aiohttp
    #   yarl
protobuf==6.33.6
    # via
    #   googleapis-common-protos
    #   grpcio-health-checking
    #   grpcio-reflection
    #   nvidia-cutlass-dsl-libs-base
    #   nvidia-cutlass-dsl-libs-core
    #   nvidia-cutlass-dsl-libs-cu12
    #   nvidia-cutlass-dsl-libs-cu13
    #   opentelemetry-proto
    #   smg-grpc-proto
psutil==7.2.2
    # via
    #   compressed-tensors
    #   helion
    #   ipython
    #   sglang
    #   tilelang
ptyprocess==0.7.0
    # via pexpect
pulp==3.3.2
    # via nvidia-modelopt
pure-eval==0.2.3
    # via stack-data
py-spy==0.4.2
    # via sglang
pyarrow==25.0.1
    # via datasets
pybase64==1.5.0
    # via sglang
pycountry==26.2.16
    # via
    #   outlines
    #   pydantic-extra-types
pycparser==3.0
    # via cffi
pycryptodomex==3.23.0
    # via blobfile
pydantic==2.14.0b1
    # via
    #   anthropic
    #   compressed-tensors
    #   fastapi
    #   mistral-common
    #   nvidia-modelopt
    #   openai
    #   openai-harmony
    #   outlines
    #   pydantic-extra-types
    #   sglang
    #   xgrammar
pydantic-core==2.48.0
    # via pydantic
pydantic-extra-types==2.11.1
    # via mistral-common
pyelftools==0.33
    # via humming-kernels
pygments==2.21.0
    # via
    #   ipython
    #   ipython-pygments-lexers
    #   rich
pyproject-hooks==1.2.0
    # via build
python-dateutil==2.9.0.post0
    # via pandas
python-dotenv==1.2.3
    # via moviepy
python-multipart==0.0.32
    # via sglang
pyyaml==6.0.1
    # via
    #   cache-dit
    #   datasets
    #   gguf
    #   huggingface-hub
    #   kernels
    #   nvidia-modelopt
    #   omegaconf
    #   sglang
    #   timm
    #   transformers
pyzmq==27.2.0
    # via sglang
quack-kernels==0.6.3
    # via
    #   flash-attn-4
    #   sglang
referencing==0.37.0
    # via
    #   jsonschema
    #   jsonschema-specifications
    #   outlines
regex==2026.9.3
    # via
    #   diffusers
    #   nvidia-modelopt
    #   tiktoken
    #   transformers
remote-pdb==2.1.0
    # via sglang
requests==2.34.2
    # via
    #   datasets
    #   diffusers
    #   flashinfer-python
    #   gguf
    #   mistral-common
    #   modelscope
    #   modelscope-hub
    #   opentelemetry-exporter-otlp-proto-http
    #   outlines
    #   sglang
    #   tiktoken
rich==15.0.0
    # via
    #   helion
    #   nvidia-modelopt
    #   typer
rpds-py==2026.6.3
    # via
    #   jsonschema
    #   referencing
runai-model-streamer==0.16.1
    # via sglang
safetensors==0.8.0
    # via
    #   diffusers
    #   humming-kernels
    #   nvidia-modelopt
    #   timm
    #   transformers
scikit-image==0.25.2
    # via sglang
scipy==1.18.1
    # via
    #   nvidia-modelopt
    #   scikit-image
    #   sglang
sentencepiece==0.2.2
    # via sglang
setproctitle==1.3.7
    # via sglang
setuptools==81.0.0
    # via
    #   imageio-ffmpeg
    #   modelscope
    #   nvidia-modelopt
    #   torch
sgl-deep-gemm==0.1.4.post1
    # via sglang
sglang==0.5.16
    # via -r component/sglang_deploy/requirements.in
sglang-kernel==0.4.5
    # via sglang
shellingham==1.5.4
    # via typer
six==1.17.0
    # via python-dateutil
smg-grpc-proto==0.4.16
    # via smg-grpc-servicer
smg-grpc-servicer==0.9.1
    # via sglang
sniffio==1.3.1
    # via
    #   anthropic
    #   openai
soundfile==0.13.1
    # via sglang
st-attn==0.0.7
    # via sglang
stack-data==0.6.3
    # via ipython
starlette==1.6.0
    # via fastapi
sympy==1.14.0
    # via torch
tabulate==0.10.0
    # via
    #   flashinfer-python
    #   humming-kernels
tifffile==2026.8.23
    # via scikit-image
tiktoken==0.14.0
    # via
    #   mistral-common
    #   sglang
tilelang==0.1.11
    # via sglang
timm==1.0.16
    # via sglang
tokenizers==0.23.0rc0
    # via transformers
tokenspeed-mla==0.1.8
    # via sglang
tokenspeed-triton==3.8.10.post20260721
    # via tokenspeed-mla
tomlkit==0.15.1
    # via kernels
torch==2.11.0
    # via
    #   cache-dit
    #   compressed-tensors
    #   flash-attn-4
    #   flashinfer-python
    #   humming-kernels
    #   nvidia-modelopt
    #   outlines
    #   quack-kernels
    #   runai-model-streamer
    #   sglang
    #   st-attn
    #   tilelang
    #   timm
    #   tokenspeed-mla
    #   torch-c-dlpack-ext
    #   torchvision
    #   vsa
    #   xgrammar
torch-c-dlpack-ext==0.1.5
    # via
    #   flash-attn-4
    #   quack-kernels
    #   tilelang
torch-memory-saver==0.0.10b1
    # via sglang
torchao==0.17.0
    # via sglang
torchaudio==2.11.0
    # via sglang
torchcodec==0.11.1
    # via sglang
torchvision==0.26.0
    # via
    #   sglang
    #   timm
tqdm==4.70.0
    # via
    #   datasets
    #   flashinfer-python
    #   gguf
    #   huggingface-hub
    #   humming-kernels
    #   modelscope
    #   modelscope-hub
    #   nvidia-modelopt
    #   openai
    #   outlines
    #   proglog
    #   sglang
    #   tilelang
    #   transformers
traitlets==5.16.1
    # via
    #   ipython
    #   matplotlib-inline
transformers==5.12.1
    # via
    #   cache-dit
    #   compressed-tensors
    #   sglang
    #   xgrammar
trimesh==5.1.0
    # via sglang
triton==3.6.0
    # via
    #   humming-kernels
    #   torch
    #   xgrammar
truststore==0.10.4
    # via
    #   httpcore2
    #   httpx2
typer==0.27.2
    # via transformers
typing-extensions==4.16.0
    # via
    #   aiohttp
    #   aiosignal
    #   anthropic
    #   anyio
    #   apache-tvm-ffi
    #   cuda-tile
    #   fastapi
    #   flash-attn-4
    #   grpcio
    #   helion
    #   httpx2
    #   huggingface-hub
    #   mistral-common
    #   nvidia-cutlass-dsl-libs-base
    #   nvidia-cutlass-dsl-libs-core
    #   nvidia-cutlass-dsl-libs-cu12
    #   nvidia-cutlass-dsl-libs-cu13
    #   openai
    #   opentelemetry-api
    #   opentelemetry-exporter-otlp-proto-grpc
    #   opentelemetry-exporter-otlp-proto-http
    #   opentelemetry-sdk
    #   opentelemetry-semantic-conventions
    #   outlines
    #   pydantic
    #   pydantic-core
    #   pydantic-extra-types
    #   referencing
    #   starlette
    #   tilelang
    #   torch
    #   typing-inspection
    #   xgrammar
typing-inspection==0.4.4
    # via
    #   fastapi
    #   pydantic
urllib3==2.7.0
    # via
    #   blobfile
    #   modelscope
    #   modelscope-hub
    #   requests
uvicorn==0.52.4
    # via sglang
uvloop==0.22.1
    # via sglang
vsa==0.0.4
    # via sglang
watchfiles==1.2.0
    # via sglang
wcwidth==0.8.3
    # via prompt-toolkit
websockets==17.1
    # via sglang
xatlas==0.0.11
    # via sglang
xgrammar==0.2.1
    # via sglang
xxhash==4.0.1
    # via datasets
yarl==1.24.5
    # via aiohttp
z3-solver==4.15.4.0
    # via tilelang
zipp==4.1.0
    # via importlib-metadata
zstandard==0.25.0
    # via sglang
